
Microsoft Visual Studio Solution File, Format Version 12.00
# Visual Studio Version 17
VisualStudioVersion = 17.8.34330.188
MinimumVisualStudioVersion = 10.0.40219.1
Project("{FAE04EC0-301F-11D3-BF4B-00C04F79EFBC}") = "NewOdin_Blazor", "NewOdin_Blazor\NewOdin_Blazor.csproj", "{D60C4A4E-5217-4364-B52F-BBEFE87D79EF}"
EndProject
Global
	GlobalSection(SolutionConfigurationPlatforms) = preSolution
		Debug|Any CPU = Debug|Any CPU
		Release|Any CPU = Release|Any CPU
	EndGlobalSection
	GlobalSection(ProjectConfigurationPlatforms) = postSolution
		{D60C4A4E-5217-4364-B52F-BBEFE87D79EF}.Debug|Any CPU.ActiveCfg = Debug|Any CPU
		{D60C4A4E-5217-4364-B52F-BBEFE87D79EF}.Debug|Any CPU.Build.0 = Debug|Any CPU
		{D60C4A4E-5217-4364-B52F-BBEFE87D79EF}.Release|Any CPU.ActiveCfg = Release|Any CPU
		{D60C4A4E-5217-4364-B52F-BBEFE87D79EF}.Release|Any CPU.Build.0 = Release|Any CPU
	EndGlobalSection
	GlobalSection(SolutionProperties) = preSolution
		HideSolutionNode = FALSE
	EndGlobalSection
	GlobalSection(ExtensibilityGlobals) = postSolution
		SolutionGuid = {66896EB1-2981-4545-8872-D126008004A7}
	EndGlobalSection
EndGlobal
